
Microsoft Visual Studio Solution File, Format Version 12.00
# Visual Studio Version 17
VisualStudioVersion = 17.2.32630.192
MinimumVisualStudioVersion = 10.0.40219.1
Project("{FAE04EC0-301F-11D3-BF4B-00C04F79EFBC}") = "StudentsDB", "StudentsDB\StudentsDB.csproj", "{67E92EED-9A1F-4710-B32D-D5F5CC630D3D}"
EndProject
Global
	GlobalSection(SolutionConfigurationPlatforms) = preSolution
		Debug|Any CPU = Debug|Any CPU
		Release|Any CPU = Release|Any CPU
	EndGlobalSection
	GlobalSection(ProjectConfigurationPlatforms) = postSolution
		{67E92EED-9A1F-4710-B32D-D5F5CC630D3D}.Debug|Any CPU.ActiveCfg = Debug|Any CPU
		{67E92EED-9A1F-4710-B32D-D5F5CC630D3D}.Debug|Any CPU.Build.0 = Debug|Any CPU
		{67E92EED-9A1F-4710-B32D-D5F5CC630D3D}.Release|Any CPU.ActiveCfg = Release|Any CPU
		{67E92EED-9A1F-4710-B32D-D5F5CC630D3D}.Release|Any CPU.Build.0 = Release|Any CPU
	EndGlobalSection
	GlobalSection(SolutionProperties) = preSolution
		HideSolutionNode = FALSE
	EndGlobalSection
	GlobalSection(ExtensibilityGlobals) = postSolution
		SolutionGuid = {7F2A8EC1-37D4-47E1-88F8-C9865164BCE7}
	EndGlobalSection
EndGlobal
